
Microsoft Visual Studio Solution File, Format Version 12.00
# Visual Studio 15
VisualStudioVersion = 15.0.28010.2041
MinimumVisualStudioVersion = 10.0.40219.1
Project("{FAE04EC0-301F-11D3-BF4B-00C04F79EFBC}") = "Laborator10", "SolutieLaborator10\Laborator10.csproj", "{3A7AC6FE-D9B9-4092-9578-F638F3D5FA45}"
EndProject
Global
	GlobalSection(SolutionConfigurationPlatforms) = preSolution
		Debug|Any CPU = Debug|Any CPU
		Release|Any CPU = Release|Any CPU
	EndGlobalSection
	GlobalSection(ProjectConfigurationPlatforms) = postSolution
		{3A7AC6FE-D9B9-4092-9578-F638F3D5FA45}.Debug|Any CPU.ActiveCfg = Debug|Any CPU
		{3A7AC6FE-D9B9-4092-9578-F638F3D5FA45}.Debug|Any CPU.Build.0 = Debug|Any CPU
		{3A7AC6FE-D9B9-4092-9578-F638F3D5FA45}.Release|Any CPU.ActiveCfg = Release|Any CPU
		{3A7AC6FE-D9B9-4092-9578-F638F3D5FA45}.Release|Any CPU.Build.0 = Release|Any CPU
	EndGlobalSection
	GlobalSection(SolutionProperties) = preSolution
		HideSolutionNode = FALSE
	EndGlobalSection
	GlobalSection(ExtensibilityGlobals) = postSolution
		SolutionGuid = {A238EB6A-76A2-47EE-A41C-311A4A55C099}
	EndGlobalSection
EndGlobal
