
Microsoft Visual Studio Solution File, Format Version 12.00
# Visual Studio 15
VisualStudioVersion = 15.0.28010.2041
MinimumVisualStudioVersion = 10.0.40219.1
Project("{FAE04EC0-301F-11D3-BF4B-00C04F79EFBC}") = "Laborator8", "Solutie Laborator 8\Laborator8.csproj", "{716D9490-AE83-4E86-8CFB-9D3B479E1A4A}"
EndProject
Global
	GlobalSection(SolutionConfigurationPlatforms) = preSolution
		Debug|Any CPU = Debug|Any CPU
		Release|Any CPU = Release|Any CPU
	EndGlobalSection
	GlobalSection(ProjectConfigurationPlatforms) = postSolution
		{716D9490-AE83-4E86-8CFB-9D3B479E1A4A}.Debug|Any CPU.ActiveCfg = Debug|Any CPU
		{716D9490-AE83-4E86-8CFB-9D3B479E1A4A}.Debug|Any CPU.Build.0 = Debug|Any CPU
		{716D9490-AE83-4E86-8CFB-9D3B479E1A4A}.Release|Any CPU.ActiveCfg = Release|Any CPU
		{716D9490-AE83-4E86-8CFB-9D3B479E1A4A}.Release|Any CPU.Build.0 = Release|Any CPU
	EndGlobalSection
	GlobalSection(SolutionProperties) = preSolution
		HideSolutionNode = FALSE
	EndGlobalSection
	GlobalSection(ExtensibilityGlobals) = postSolution
		SolutionGuid = {83F4E462-DD99-479A-A72E-CC8BB01F7956}
	EndGlobalSection
EndGlobal
